
Microsoft Visual Studio Solution File, Format Version 12.00
# Visual Studio Version 17
VisualStudioVersion = 17.7.34221.43
MinimumVisualStudioVersion = 10.0.40219.1
Project("{FAE04EC0-301F-11D3-BF4B-00C04F79EFBC}") = "Pong", "Pong\Pong.csproj", "{51C2D93C-ABF6-479E-8A28-BC0573DE1B02}"
EndProject
Global
	GlobalSection(SolutionConfigurationPlatforms) = preSolution
		Debug|Any CPU = Debug|Any CPU
		Release|Any CPU = Release|Any CPU
	EndGlobalSection
	GlobalSection(ProjectConfigurationPlatforms) = postSolution
		{51C2D93C-ABF6-479E-8A28-BC0573DE1B02}.Debug|Any CPU.ActiveCfg = Debug|Any CPU
		{51C2D93C-ABF6-479E-8A28-BC0573DE1B02}.Debug|Any CPU.Build.0 = Debug|Any CPU
		{51C2D93C-ABF6-479E-8A28-BC0573DE1B02}.Release|Any CPU.ActiveCfg = Release|Any CPU
		{51C2D93C-ABF6-479E-8A28-BC0573DE1B02}.Release|Any CPU.Build.0 = Release|Any CPU
	EndGlobalSection
	GlobalSection(SolutionProperties) = preSolution
		HideSolutionNode = FALSE
	EndGlobalSection
	GlobalSection(ExtensibilityGlobals) = postSolution
		SolutionGuid = {41598877-EE50-4AD5-86C9-D8C26B260ED0}
	EndGlobalSection
EndGlobal
